
Microsoft Visual Studio Solution File, Format Version 12.00
# Visual Studio Version 16
VisualStudioVersion = 25.0.1704.0
MinimumVisualStudioVersion = 10.0.40219.1
Project("{FAE04EC0-301F-11D3-BF4B-00C04F79EFBC}") = "RajJewels.domain", "RajJewels.domain.csproj", "{17D51CA8-67DD-455D-B63F-DB30308E0E76}"
EndProject
Global
	GlobalSection(SolutionConfigurationPlatforms) = preSolution
		Debug|Any CPU = Debug|Any CPU
		Release|Any CPU = Release|Any CPU
	EndGlobalSection
	GlobalSection(ProjectConfigurationPlatforms) = postSolution
		{17D51CA8-67DD-455D-B63F-DB30308E0E76}.Debug|Any CPU.ActiveCfg = Debug|Any CPU
		{17D51CA8-67DD-455D-B63F-DB30308E0E76}.Debug|Any CPU.Build.0 = Debug|Any CPU
		{17D51CA8-67DD-455D-B63F-DB30308E0E76}.Release|Any CPU.ActiveCfg = Release|Any CPU
		{17D51CA8-67DD-455D-B63F-DB30308E0E76}.Release|Any CPU.Build.0 = Release|Any CPU
	EndGlobalSection
	GlobalSection(SolutionProperties) = preSolution
		HideSolutionNode = FALSE
	EndGlobalSection
	GlobalSection(ExtensibilityGlobals) = postSolution
		SolutionGuid = {1CFB321B-F3ED-4EAF-BD46-A4295CC73821}
	EndGlobalSection
EndGlobal
